// !$*UTF8*$!
{
	archiveVersion = 1;
	classes = {
	};
	objectVersion = 50;
	objects = {

/* Begin PBXBuildFile section */
		BD01AB6620B450EC001CE109 /* Dish.swift in Sources */ = {isa = PBXBuildFile; fileRef = BD01AB6520B450EC001CE109 /* Dish.swift */; };
		BD01AB6820B460E1001CE109 /* DishesViewCell.swift in Sources */ = {isa = PBXBuildFile; fileRef = BD01AB6720B460E1001CE109 /* DishesViewCell.swift */; };
		BD01AB6A20B4653C001CE109 /* CategorySectionViewCell.swift in Sources */ = {isa = PBXBuildFile; fileRef = BD01AB6920B4653C001CE109 /* CategorySectionViewCell.swift */; };
		BD31AAAF20AD5E85006BE546 /* AppDelegate.swift in Sources */ = {isa = PBXBuildFile; fileRef = BD31AAAE20AD5E85006BE546 /* AppDelegate.swift */; };
		BD31AAB120AD5E85006BE546 /* MenuViewController.swift in Sources */ = {isa = PBXBuildFile; fileRef = BD31AAB020AD5E85006BE546 /* MenuViewController.swift */; };
		BD31AAB320AD5E85006BE546 /* OrdersViewController.swift in Sources */ = {isa = PBXBuildFile; fileRef = BD31AAB220AD5E85006BE546 /* OrdersViewController.swift */; };
		BD31AAB620AD5E86006BE546 /* Main.storyboard in Resources */ = {isa = PBXBuildFile; fileRef = BD31AAB420AD5E86006BE546 /* Main.storyboard */; };
		BD31AAB820AD5E87006BE546 /* Assets.xcassets in Resources */ = {isa = PBXBuildFile; fileRef = BD31AAB720AD5E87006BE546 /* Assets.xcassets */; };
		BD31AABB20AD5E87006BE546 /* LaunchScreen.storyboard in Resources */ = {isa = PBXBuildFile; fileRef = BD31AAB920AD5E87006BE546 /* LaunchScreen.storyboard */; };
		BDAD9FDB20AEC2B4001852B7 /* CategoriesViewCell.swift in Sources */ = {isa = PBXBuildFile; fileRef = BDAD9FDA20AEC2B4001852B7 /* CategoriesViewCell.swift */; };
		BDAD9FDD20AEE258001852B7 /* MenuCategory.swift in Sources */ = {isa = PBXBuildFile; fileRef = BDAD9FDC20AEE258001852B7 /* MenuCategory.swift */; };
		BDAD9FDF20B012CE001852B7 /* MenuCategoriesViewController.swift in Sources */ = {isa = PBXBuildFile; fileRef = BDAD9FDE20B012CE001852B7 /* MenuCategoriesViewController.swift */; };
/* End PBXBuildFile section */

/* Begin PBXFileReference section */
		BD01AB6520B450EC001CE109 /* Dish.swift */ = {isa = PBXFileReference; lastKnownFileType = sourcecode.swift; path = Dish.swift; sourceTree = "<group>"; };
		BD01AB6720B460E1001CE109 /* DishesViewCell.swift */ = {isa = PBXFileReference; lastKnownFileType = sourcecode.swift; path = DishesViewCell.swift; sourceTree = "<group>"; };
		BD01AB6920B4653C001CE109 /* CategorySectionViewCell.swift */ = {isa = PBXFileReference; lastKnownFileType = sourcecode.swift; path = CategorySectionViewCell.swift; sourceTree = "<group>"; };
		BD31AAAB20AD5E85006BE546 /* MobileApp-IOS.app */ = {isa = PBXFileReference; explicitFileType = wrapper.application; includeInIndex = 0; path = "MobileApp-IOS.app"; sourceTree = BUILT_PRODUCTS_DIR; };
		BD31AAAE20AD5E85006BE546 /* AppDelegate.swift */ = {isa = PBXFileReference; lastKnownFileType = sourcecode.swift; path = AppDelegate.swift; sourceTree = "<group>"; };
		BD31AAB020AD5E85006BE546 /* MenuViewController.swift */ = {isa = PBXFileReference; lastKnownFileType = sourcecode.swift; path = MenuViewController.swift; sourceTree = "<group>"; };
		BD31AAB220AD5E85006BE546 /* OrdersViewController.swift */ = {isa = PBXFileReference; lastKnownFileType = sourcecode.swift; path = OrdersViewController.swift; sourceTree = "<group>"; };
		BD31AAB520AD5E86006BE546 /* Base */ = {isa = PBXFileReference; lastKnownFileType = file.storyboard; name = Base; path = Base.lproj/Main.storyboard; sourceTree = "<group>"; };
		BD31AAB720AD5E87006BE546 /* Assets.xcassets */ = {isa = PBXFileReference; lastKnownFileType = folder.assetcatalog; path = Assets.xcassets; sourceTree = "<group>"; };
		BD31AABA20AD5E87006BE546 /* Base */ = {isa = PBXFileReference; lastKnownFileType = file.storyboard; name = Base; path = Base.lproj/LaunchScreen.storyboard; sourceTree = "<group>"; };
		BD31AABC20AD5E87006BE546 /* Info.plist */ = {isa = PBXFileReference; lastKnownFileType = text.plist.xml; path = Info.plist; sourceTree = "<group>"; };
		BDAD9FDA20AEC2B4001852B7 /* CategoriesViewCell.swift */ = {isa = PBXFileReference; lastKnownFileType = sourcecode.swift; path = CategoriesViewCell.swift; sourceTree = "<group>"; };
		BDAD9FDC20AEE258001852B7 /* MenuCategory.swift */ = {isa = PBXFileReference; lastKnownFileType = sourcecode.swift; path = MenuCategory.swift; sourceTree = "<group>"; };
		BDAD9FDE20B012CE001852B7 /* MenuCategoriesViewController.swift */ = {isa = PBXFileReference; lastKnownFileType = sourcecode.swift; path = MenuCategoriesViewController.swift; sourceTree = "<group>"; };
/* End PBXFileReference section */

/* Begin PBXFrameworksBuildPhase section */
		BD31AAA820AD5E85006BE546 /* Frameworks */ = {
			isa = PBXFrameworksBuildPhase;
			buildActionMask = 2147483647;
			files = (
			);
			runOnlyForDeploymentPostprocessing = 0;
		};
/* End PBXFrameworksBuildPhase section */

/* Begin PBXGroup section */
		BD31AAA220AD5E85006BE546 = {
			isa = PBXGroup;
			children = (
				BD31AAAD20AD5E85006BE546 /* MobileApp-IOS */,
				BD31AAAC20AD5E85006BE546 /* Products */,
			);
			sourceTree = "<group>";
		};
		BD31AAAC20AD5E85006BE546 /* Products */ = {
			isa = PBXGroup;
			children = (
				BD31AAAB20AD5E85006BE546 /* MobileApp-IOS.app */,
			);
			name = Products;
			sourceTree = "<group>";
		};
		BD31AAAD20AD5E85006BE546 /* MobileApp-IOS */ = {
			isa = PBXGroup;
			children = (
				BDAD9FDA20AEC2B4001852B7 /* CategoriesViewCell.swift */,
				BD01AB6720B460E1001CE109 /* DishesViewCell.swift */,
				BD01AB6920B4653C001CE109 /* CategorySectionViewCell.swift */,
				BDAD9FDE20B012CE001852B7 /* MenuCategoriesViewController.swift */,
				BD01AB6520B450EC001CE109 /* Dish.swift */,
				BD31AAC220AD5F21006BE546 /* Supporting Files */,
				BD31AAB020AD5E85006BE546 /* MenuViewController.swift */,
				BDAD9FDC20AEE258001852B7 /* MenuCategory.swift */,
				BD31AAB220AD5E85006BE546 /* OrdersViewController.swift */,
				BD31AAB420AD5E86006BE546 /* Main.storyboard */,
				BD31AAB720AD5E87006BE546 /* Assets.xcassets */,
				BD31AABC20AD5E87006BE546 /* Info.plist */,
			);
			path = "MobileApp-IOS";
			sourceTree = "<group>";
		};
		BD31AAC220AD5F21006BE546 /* Supporting Files */ = {
			isa = PBXGroup;
			children = (
				BD31AAAE20AD5E85006BE546 /* AppDelegate.swift */,
				BD31AAB920AD5E87006BE546 /* LaunchScreen.storyboard */,
			);
			path = "Supporting Files";
			sourceTree = "<group>";
		};
/* End PBXGroup section */

/* Begin PBXNativeTarget section */
		BD31AAAA20AD5E85006BE546 /* MobileApp-IOS */ = {
			isa = PBXNativeTarget;
			buildConfigurationList = BD31AABF20AD5E87006BE546 /* Build configuration list for PBXNativeTarget "MobileApp-IOS" */;
			buildPhases = (
				BD31AAA720AD5E85006BE546 /* Sources */,
				BD31AAA820AD5E85006BE546 /* Frameworks */,
				BD31AAA920AD5E85006BE546 /* Resources */,
			);
			buildRules = (
			);
			dependencies = (
			);
			name = "MobileApp-IOS";
			productName = "MobileApp-IOS";
			productReference = BD31AAAB20AD5E85006BE546 /* MobileApp-IOS.app */;
			productType = "com.apple.product-type.application";
		};
/* End PBXNativeTarget section */

/* Begin PBXProject section */
		BD31AAA320AD5E85006BE546 /* Project object */ = {
			isa = PBXProject;
			attributes = {
				LastSwiftUpdateCheck = 0930;
				LastUpgradeCheck = 0930;
				ORGANIZATIONNAME = "Dmitry Demidov";
				TargetAttributes = {
					BD31AAAA20AD5E85006BE546 = {
						CreatedOnToolsVersion = 9.3;
					};
				};
			};
			buildConfigurationList = BD31AAA620AD5E85006BE546 /* Build configuration list for PBXProject "MobileApp-IOS" */;
			compatibilityVersion = "Xcode 9.3";
			developmentRegion = en;
			hasScannedForEncodings = 0;
			knownRegions = (
				en,
				Base,
			);
			mainGroup = BD31AAA220AD5E85006BE546;
			productRefGroup = BD31AAAC20AD5E85006BE546 /* Products */;
			projectDirPath = "";
			projectRoot = "";
			targets = (
				BD31AAAA20AD5E85006BE546 /* MobileApp-IOS */,
			);
		};
/* End PBXProject section */

/* Begin PBXResourcesBuildPhase section */
		BD31AAA920AD5E85006BE546 /* Resources */ = {
			isa = PBXResourcesBuildPhase;
			buildActionMask = 2147483647;
			files = (
				BD31AABB20AD5E87006BE546 /* LaunchScreen.storyboard in Resources */,
				BD31AAB820AD5E87006BE546 /* Assets.xcassets in Resources */,
				BD31AAB620AD5E86006BE546 /* Main.storyboard in Resources */,
			);
			runOnlyForDeploymentPostprocessing = 0;
		};
/* End PBXResourcesBuildPhase section */

/* Begin PBXSourcesBuildPhase section */
		BD31AAA720AD5E85006BE546 /* Sources */ = {
			isa = PBXSourcesBuildPhase;
			buildActionMask = 2147483647;
			files = (
				BDAD9FDB20AEC2B4001852B7 /* CategoriesViewCell.swift in Sources */,
				BDAD9FDF20B012CE001852B7 /* MenuCategoriesViewController.swift in Sources */,
				BD31AAB320AD5E85006BE546 /* OrdersViewController.swift in Sources */,
				BD31AAAF20AD5E85006BE546 /* AppDelegate.swift in Sources */,
				BD31AAB120AD5E85006BE546 /* MenuViewController.swift in Sources */,
				BD01AB6620B450EC001CE109 /* Dish.swift in Sources */,
				BDAD9FDD20AEE258001852B7 /* MenuCategory.swift in Sources */,
				BD01AB6A20B4653C001CE109 /* CategorySectionViewCell.swift in Sources */,
				BD01AB6820B460E1001CE109 /* DishesViewCell.swift in Sources */,
			);
			runOnlyForDeploymentPostprocessing = 0;
		};
/* End PBXSourcesBuildPhase section */

/* Begin PBXVariantGroup section */
		BD31AAB420AD5E86006BE546 /* Main.storyboard */ = {
			isa = PBXVariantGroup;
			children = (
				BD31AAB520AD5E86006BE546 /* Base */,
			);
			name = Main.storyboard;
			sourceTree = "<group>";
		};
		BD31AAB920AD5E87006BE546 /* LaunchScreen.storyboard */ = {
			isa = PBXVariantGroup;
			children = (
				BD31AABA20AD5E87006BE546 /* Base */,
			);
			name = LaunchScreen.storyboard;
			sourceTree = "<group>";
		};
/* End PBXVariantGroup section */

/* Begin XCBuildConfiguration section */
		BD31AABD20AD5E87006BE546 /* Debug */ = {
			isa = XCBuildConfiguration;
			buildSettings = {
				ALWAYS_SEARCH_USER_PATHS = NO;
				CLANG_ANALYZER_NONNULL = YES;
				CLANG_ANALYZER_NUMBER_OBJECT_CONVERSION = YES_AGGRESSIVE;
				CLANG_CXX_LANGUAGE_STANDARD = "gnu++14";
				CLANG_CXX_LIBRARY = "libc++";
				CLANG_ENABLE_MODULES = YES;
				CLANG_ENABLE_OBJC_ARC = YES;
				CLANG_ENABLE_OBJC_WEAK = YES;
				CLANG_WARN_BLOCK_CAPTURE_AUTORELEASING = YES;
				CLANG_WARN_BOOL_CONVERSION = YES;
				CLANG_WARN_COMMA = YES;
				CLANG_WARN_CONSTANT_CONVERSION = YES;
				CLANG_WARN_DEPRECATED_OBJC_IMPLEMENTATIONS = YES;
				CLANG_WARN_DIRECT_OBJC_ISA_USAGE = YES_ERROR;
				CLANG_WARN_DOCUMENTATION_COMMENTS = YES;
				CLANG_WARN_EMPTY_BODY = YES;
				CLANG_WARN_ENUM_CONVERSION = YES;
				CLANG_WARN_INFINITE_RECURSION = YES;
				CLANG_WARN_INT_CONVERSION = YES;
				CLANG_WARN_NON_LITERAL_NULL_CONVERSION = YES;
				CLANG_WARN_OBJC_IMPLICIT_RETAIN_SELF = YES;
				CLANG_WARN_OBJC_LITERAL_CONVERSION = YES;
				CLANG_WARN_OBJC_ROOT_CLASS = YES_ERROR;
				CLANG_WARN_RANGE_LOOP_ANALYSIS = YES;
				CLANG_WARN_STRICT_PROTOTYPES = YES;
				CLANG_WARN_SUSPICIOUS_MOVE = YES;
				CLANG_WARN_UNGUARDED_AVAILABILITY = YES_AGGRESSIVE;
				CLANG_WARN_UNREACHABLE_CODE = YES;
				CLANG_WARN__DUPLICATE_METHOD_MATCH = YES;
				CODE_SIGN_IDENTITY = "iPhone Developer";
				COPY_PHASE_STRIP = NO;
				DEBUG_INFORMATION_FORMAT = dwarf;
				ENABLE_STRICT_OBJC_MSGSEND = YES;
				ENABLE_TESTABILITY = YES;
				GCC_C_LANGUAGE_STANDARD = gnu11;
				GCC_DYNAMIC_NO_PIC = NO;
				GCC_NO_COMMON_BLOCKS = YES;
				GCC_OPTIMIZATION_LEVEL = 0;
				GCC_PREPROCESSOR_DEFINITIONS = (
					"DEBUG=1",
					"$(inherited)",
				);
				GCC_WARN_64_TO_32_BIT_CONVERSION = YES;
				GCC_WARN_ABOUT_RETURN_TYPE = YES_ERROR;
				GCC_WARN_UNDECLARED_SELECTOR = YES;
				GCC_WARN_UNINITIALIZED_AUTOS = YES_AGGRESSIVE;
				GCC_WARN_UNUSED_FUNCTION = YES;
				GCC_WARN_UNUSED_VARIABLE = YES;
				IPHONEOS_DEPLOYMENT_TARGET = 11.3;
				MTL_ENABLE_DEBUG_INFO = YES;
				ONLY_ACTIVE_ARCH = YES;
				SDKROOT = iphoneos;
				SWIFT_ACTIVE_COMPILATION_CONDITIONS = DEBUG;
				SWIFT_OPTIMIZATION_LEVEL = "-Onone";
			};
			name = Debug;
		};
		BD31AABE20AD5E87006BE546 /* Release */ = {
			isa = XCBuildConfiguration;
			buildSettings = {
				ALWAYS_SEARCH_USER_PATHS = NO;
				CLANG_ANALYZER_NONNULL = YES;
				CLANG_ANALYZER_NUMBER_OBJECT_CONVERSION = YES_AGGRESSIVE;
				CLANG_CXX_LANGUAGE_STANDARD = "gnu++14";
				CLANG_CXX_LIBRARY = "libc++";
				CLANG_ENABLE_MODULES = YES;
				CLANG_ENABLE_OBJC_ARC = YES;
				CLANG_ENABLE_OBJC_WEAK = YES;
				CLANG_WARN_BLOCK_CAPTURE_AUTORELEASING = YES;
				CLANG_WARN_BOOL_CONVERSION = YES;
				CLANG_WARN_COMMA = YES;
				CLANG_WARN_CONSTANT_CONVERSION = YES;
				CLANG_WARN_DEPRECATED_OBJC_IMPLEMENTATIONS = YES;
				CLANG_WARN_DIRECT_OBJC_ISA_USAGE = YES_ERROR;
				CLANG_WARN_DOCUMENTATION_COMMENTS = YES;
				CLANG_WARN_EMPTY_BODY = YES;
				CLANG_WARN_ENUM_CONVERSION = YES;
				CLANG_WARN_INFINITE_RECURSION = YES;
				CLANG_WARN_INT_CONVERSION = YES;
				CLANG_WARN_NON_LITERAL_NULL_CONVERSION = YES;
				CLANG_WARN_OBJC_IMPLICIT_RETAIN_SELF = YES;
				CLANG_WARN_OBJC_LITERAL_CONVERSION = YES;
				CLANG_WARN_OBJC_ROOT_CLASS = YES_ERROR;
				CLANG_WARN_RANGE_LOOP_ANALYSIS = YES;
				CLANG_WARN_STRICT_PROTOTYPES = YES;
				CLANG_WARN_SUSPICIOUS_MOVE = YES;
				CLANG_WARN_UNGUARDED_AVAILABILITY = YES_AGGRESSIVE;
				CLANG_WARN_UNREACHABLE_CODE = YES;
				CLANG_WARN__DUPLICATE_METHOD_MATCH = YES;
				CODE_SIGN_IDENTITY = "iPhone Developer";
				COPY_PHASE_STRIP = NO;
				DEBUG_INFORMATION_FORMAT = "dwarf-with-dsym";
				ENABLE_NS_ASSERTIONS = NO;
				ENABLE_STRICT_OBJC_MSGSEND = YES;
				GCC_C_LANGUAGE_STANDARD = gnu11;
				GCC_NO_COMMON_BLOCKS = YES;
				GCC_WARN_64_TO_32_BIT_CONVERSION = YES;
				GCC_WARN_ABOUT_RETURN_TYPE = YES_ERROR;
				GCC_WARN_UNDECLARED_SELECTOR = YES;
				GCC_WARN_UNINITIALIZED_AUTOS = YES_AGGRESSIVE;
				GCC_WARN_UNUSED_FUNCTION = YES;
				GCC_WARN_UNUSED_VARIABLE = YES;
				IPHONEOS_DEPLOYMENT_TARGET = 11.3;
				MTL_ENABLE_DEBUG_INFO = NO;
				SDKROOT = iphoneos;
				SWIFT_COMPILATION_MODE = wholemodule;
				SWIFT_OPTIMIZATION_LEVEL = "-O";
				VALIDATE_PRODUCT = YES;
			};
			name = Release;
		};
		BD31AAC020AD5E87006BE546 /* Debug */ = {
			isa = XCBuildConfiguration;
			buildSettings = {
				ASSETCATALOG_COMPILER_APPICON_NAME = AppIcon;
				CODE_SIGN_STYLE = Automatic;
				DEVELOPMENT_TEAM = 8CN9T9TRGD;
				INFOPLIST_FILE = "MobileApp-IOS/Info.plist";
				LD_RUNPATH_SEARCH_PATHS = (
					"$(inherited)",
					"@executable_path/Frameworks",
				);
				PRODUCT_BUNDLE_IDENTIFIER = "lolo.MobileApp-IOS";
				PRODUCT_NAME = "$(TARGET_NAME)";
				SWIFT_VERSION = 4.0;
				TARGETED_DEVICE_FAMILY = "1,2";
			};
			name = Debug;
		};
		BD31AAC120AD5E87006BE546 /* Release */ = {
			isa = XCBuildConfiguration;
			buildSettings = {
				ASSETCATALOG_COMPILER_APPICON_NAME = AppIcon;
				CODE_SIGN_STYLE = Automatic;
				DEVELOPMENT_TEAM = 8CN9T9TRGD;
				INFOPLIST_FILE = "MobileApp-IOS/Info.plist";
				LD_RUNPATH_SEARCH_PATHS = (
					"$(inherited)",
					"@executable_path/Frameworks",
				);
				PRODUCT_BUNDLE_IDENTIFIER = "lolo.MobileApp-IOS";
				PRODUCT_NAME = "$(TARGET_NAME)";
				SWIFT_VERSION = 4.0;
				TARGETED_DEVICE_FAMILY = "1,2";
			};
			name = Release;
		};
/* End XCBuildConfiguration section */

/* Begin XCConfigurationList section */
		BD31AAA620AD5E85006BE546 /* Build configuration list for PBXProject "MobileApp-IOS" */ = {
			isa = XCConfigurationList;
			buildConfigurations = (
				BD31AABD20AD5E87006BE546 /* Debug */,
				BD31AABE20AD5E87006BE546 /* Release */,
			);
			defaultConfigurationIsVisible = 0;
			defaultConfigurationName = Release;
		};
		BD31AABF20AD5E87006BE546 /* Build configuration list for PBXNativeTarget "MobileApp-IOS" */ = {
			isa = XCConfigurationList;
			buildConfigurations = (
				BD31AAC020AD5E87006BE546 /* Debug */,
				BD31AAC120AD5E87006BE546 /* Release */,
			);
			defaultConfigurationIsVisible = 0;
			defaultConfigurationName = Release;
		};
/* End XCConfigurationList section */
	};
	rootObject = BD31AAA320AD5E85006BE546 /* Project object */;
}
